
Microsoft Visual Studio Solution File, Format Version 12.00
# Visual Studio 15
VisualStudioVersion = 15.0.28307.421
MinimumVisualStudioVersion = 10.0.40219.1
Project("{FAE04EC0-301F-11D3-BF4B-00C04F79EFBC}") = "CalculatorConsoleApp", "CalculatorConsoleApp\CalculatorConsoleApp.csproj", "{6F5E7402-1375-4792-8CBD-E4F021E771B6}"
EndProject
Project("{FAE04EC0-301F-11D3-BF4B-00C04F79EFBC}") = "CalculatorWindowsFormsApp1", "CalculatorWindowsFormsApp1\CalculatorWindowsFormsApp1.csproj", "{86D7B2C3-C0A8-440D-8FFF-A2DD36A4FC4B}"
EndProject
Project("{FAE04EC0-301F-11D3-BF4B-00C04F79EFBC}") = "CalculatorMachine", "CalculatorMachine\CalculatorMachine.csproj", "{36422CF2-F379-4C8F-8441-1E61A94E0097}"
EndProject
Global
	GlobalSection(SolutionConfigurationPlatforms) = preSolution
		Debug|Any CPU = Debug|Any CPU
		Release|Any CPU = Release|Any CPU
	EndGlobalSection
	GlobalSection(ProjectConfigurationPlatforms) = postSolution
		{6F5E7402-1375-4792-8CBD-E4F021E771B6}.Debug|Any CPU.ActiveCfg = Debug|Any CPU
		{6F5E7402-1375-4792-8CBD-E4F021E771B6}.Debug|Any CPU.Build.0 = Debug|Any CPU
		{6F5E7402-1375-4792-8CBD-E4F021E771B6}.Release|Any CPU.ActiveCfg = Release|Any CPU
		{6F5E7402-1375-4792-8CBD-E4F021E771B6}.Release|Any CPU.Build.0 = Release|Any CPU
		{86D7B2C3-C0A8-440D-8FFF-A2DD36A4FC4B}.Debug|Any CPU.ActiveCfg = Debug|Any CPU
		{86D7B2C3-C0A8-440D-8FFF-A2DD36A4FC4B}.Debug|Any CPU.Build.0 = Debug|Any CPU
		{86D7B2C3-C0A8-440D-8FFF-A2DD36A4FC4B}.Release|Any CPU.ActiveCfg = Release|Any CPU
		{86D7B2C3-C0A8-440D-8FFF-A2DD36A4FC4B}.Release|Any CPU.Build.0 = Release|Any CPU
		{36422CF2-F379-4C8F-8441-1E61A94E0097}.Debug|Any CPU.ActiveCfg = Debug|Any CPU
		{36422CF2-F379-4C8F-8441-1E61A94E0097}.Debug|Any CPU.Build.0 = Debug|Any CPU
		{36422CF2-F379-4C8F-8441-1E61A94E0097}.Release|Any CPU.ActiveCfg = Release|Any CPU
		{36422CF2-F379-4C8F-8441-1E61A94E0097}.Release|Any CPU.Build.0 = Release|Any CPU
	EndGlobalSection
	GlobalSection(SolutionProperties) = preSolution
		HideSolutionNode = FALSE
	EndGlobalSection
	GlobalSection(ExtensibilityGlobals) = postSolution
		SolutionGuid = {D38DFCE1-79C8-4281-9B9A-3295AFC91010}
	EndGlobalSection
EndGlobal
